{
  "originHash" : "c2713bd99a9d482456f2a8abf0edabe1abd9aa8d6c5c114e14caa1b1ea778d3a",
  "pins" : [
    {
      "identity" : "capacitor-swift-pm",
      "kind" : "remoteSourceControl",
      "location" : "https://github.com/ionic-team/capacitor-swift-pm.git",
      "state" : {
        "branch" : "main",
        "revision" : "2827600e5da84dcfca0339c987e5a8394d6b22f9"
      }
    },
    {
      "identity" : "swift-package-manager-google-mobile-ads",
      "kind" : "remoteSourceControl",
      "location" : "https://github.com/googleads/swift-package-manager-google-mobile-ads.git",
      "state" : {
        "branch" : "main",
        "revision" : "82c49f703da08f6c20715fd8bb8dfe5d94a2f187"
      }
    },
    {
      "identity" : "swift-package-manager-google-user-messaging-platform",
      "kind" : "remoteSourceControl",
      "location" : "https://github.com/googleads/swift-package-manager-google-user-messaging-platform.git",
      "state" : {
        "revision" : "708a282840c2171ee63bd93b87afa49fe507d70e",
        "version" : "2.7.0"
      }
    }
  ],
  "version" : 3
}
